
Microsoft Visual Studio Solution File, Format Version 12.00
# Visual Studio Version 17
VisualStudioVersion = 17.7.34221.43
MinimumVisualStudioVersion = 10.0.40219.1
Project("{FAE04EC0-301F-11D3-BF4B-00C04F79EFBC}") = "ScamSpotter", "ScamSpotter\ScamSpotter.csproj", "{0FEE45F4-C7DB-4960-8D4F-BDF88D5736BE}"
EndProject
Global
	GlobalSection(SolutionConfigurationPlatforms) = preSolution
		Debug|Any CPU = Debug|Any CPU
		Release|Any CPU = Release|Any CPU
	EndGlobalSection
	GlobalSection(ProjectConfigurationPlatforms) = postSolution
		{0FEE45F4-C7DB-4960-8D4F-BDF88D5736BE}.Debug|Any CPU.ActiveCfg = Debug|Any CPU
		{0FEE45F4-C7DB-4960-8D4F-BDF88D5736BE}.Debug|Any CPU.Build.0 = Debug|Any CPU
		{0FEE45F4-C7DB-4960-8D4F-BDF88D5736BE}.Release|Any CPU.ActiveCfg = Release|Any CPU
		{0FEE45F4-C7DB-4960-8D4F-BDF88D5736BE}.Release|Any CPU.Build.0 = Release|Any CPU
	EndGlobalSection
	GlobalSection(SolutionProperties) = preSolution
		HideSolutionNode = FALSE
	EndGlobalSection
	GlobalSection(ExtensibilityGlobals) = postSolution
		SolutionGuid = {0DD39E14-F80D-4481-9A56-E21D8F722978}
	EndGlobalSection
EndGlobal
